github.com/BurntSushi/toml v1.2.1 h1:9F2/+DoOYIOksmaJFPw1tGFy1eDnIJXg+UHjuD8lTak=
github.com/BurntSushi/toml v1.2.1/go.mod h1:CxXYINrC8qIiEnFrOxCa7Jy5BFHlXnUU2pbicEuybxQ=
github.com/cockroachdb/cockroach-go/v2 v2.2.0 h1:/5znzg5n373N/3ESjHF5SMLxiW4RKB05Ql//KWfeTFs=
github.com/davecgh/go-spew v1.1.0/go.mod h1:J7Y8YcW2NihsgmVo/mv3lAwl/skON4iLHjSsI+c5H38=
github.com/davecgh/go-spew v1.1.1 h1:vj9j/u1bqnvCEfJOwUhtlOARqs3+rkHYY13jYWTU97c=
github.com/davecgh/go-spew v1.1.1/go.mod h1:J7Y8YcW2NihsgmVo/mv3lAwl/skON4iLHjSsI+c5H38=
github.com/georgysavva/scany/v2 v2.0.0 h1:RGXqxDv4row7/FYoK8MRXAZXqoWF/NM+NP0q50k3DKU=
github.com/georgysavva/scany/v2 v2.0.0/go.mod h1:sigOdh+0qb/+aOs3TVhehVT10p8qJL7K/Zhyz8vWo38=
github.com/gofrs/flock v0.8.1 h1:+gYjHKf32LDeiEEFhQaotPbLuUXjY5ZqxKgXy7n59aw=
github.com/golang/protobuf v1.5.0/go.mod h1:FsONVRAS9T7sI+LIUmWTfcYkHO4aIWwzhcaSAoJOfIk=
github.com/golang/protobuf v1.5.2 h1:ROPKBNFfQgOUMifHyP+KYbvpjbdoFNs+aK7DXlji0Tw=
github.com/golang/protobuf v1.5.2/go.mod h1:XVQd3VNwM+JqD3oG2Ue2ip4fOMUkwXdXDdiuN0vRsmY=
github.com/google/go-cmp v0.5.5/go.mod h1:v8dTdLbMG2kIc/vJvl+f65V22dbkXbowE6jgT/gNBxE=
github.com/google/go-cmp v0.5.9 h1:O2Tfq5qg4qc4AmwVlvv0oLiVAGB7enBSJ2x2DqQFi38=
github.com/jackc/pgpassfile v1.0.0 h1:/6Hmqy13Ss2zCq62VdNG8tM1wchn8zjSGOBJ6icpsIM=
github.com/jackc/pgpassfile v1.0.0/go.mod h1:CEx0iS5ambNFdcRtxPj5JhEz+xB6uRky5eyVu/W2HEg=
github.com/jackc/pgservicefile v0.0.0-20221227161230-091c0ba34f0a h1:bbPeKD0xmW/Y25WS6cokEszi5g+S0QxI/d45PkRi7Nk=
github.com/jackc/pgservicefile v0.0.0-20221227161230-091c0ba34f0a/go.mod h1:5TJZWKEWniPve33vlWYSoGYefn3gLQRzjfDlhSJ9ZKM=
github.com/jackc/pgx/v5 v5.3.0 h1:/NQi8KHMpKWHInxXesC8yD4DhkXPrVhmnwYkjp9AmBA=
github.com/jackc/pgx/v5 v5.3.0/go.mod h1:t3JDKnCBlYIc0ewLF0Q7B8MXmoIaBOZj/ic7iHozM/8=
github.com/jackc/puddle/v2 v2.2.0 h1:RdcDk92EJBuBS55nQMMYFXTxwstHug4jkhT5pq8VxPk=
github.com/jackc/puddle/v2 v2.2.0/go.mod h1:vriiEXHvEE654aYKXXjOvZM39qJ0q+azkZFrfEOc3H4=
github.com/lib/pq v1.10.0 h1:Zx5DJFEYQXio93kgXnQ09fXNiUKsqv4OUEu2UtGcB1E=
github.com/pkg/errors v0.9.1 h1:FEBLx1zS214owpjy7qsBeixbURkuhQAwrK5UwLGTwt4=
github.com/pmezard/go-difflib v1.0.0 h1:4DBwDE0NGyQoBHbLQYPwSUPoCMWR5BEzIk/f1lZbAQM=
github.com/pmezard/go-difflib v1.0.0/go.mod h1:iKH77koFhYxTK1pcRnkKkqfTogsbg7gZNVY4sRDYZ/4=
github.com/sirupsen/logrus v1.9.0 h1:trlNQbNUG3OdDrDil03MCb1H2o9nJ1x4/5LYw7byDE0=
github.com/sirupsen/logrus v1.9.0/go.mod h1:naHLuLoDiP4jHNo9R0sCBMtWGeIprob74mVsIT4qYEQ=
github.com/stretchr/objx v0.1.0/go.mod h1:HFkY916IF+rwdDfMAkV7OtwuqBVzrE8GR6GFx+wExME=
github.com/stretchr/objx v0.4.0 h1:M2gUjqZET1qApGOWNSnZ49BAIMX4F/1plDv3+l31EJ4=
github.com/stretchr/testify v1.3.0/go.mod h1:M5WIy9Dh21IEIfnGCwXGc5bZfKNJtfHm1UVUgZn+9EI=
github.com/stretchr/testify v1.7.0/go.mod h1:6Fq8oRcR53rry900zMqJjRRixrwX3KX962/h/Wwjteg=
github.com/stretchr/testify v1.8.1 h1:w7B6lhMri9wdJUVmEZPGGhZzrYTPvgJArz7wNPgYKsk=
github.com/uan190176/fstorage v0.0.0-20230223090415-798847632b0e h1:e19jpq7OPS1yt2aSO5e4MTh30ike2PPD6wxe1qQbkxQ=
github.com/uan190176/fstorage v0.0.0-20230223090415-798847632b0e/go.mod h1:Ha4vSAp2vRiNRC/lRW+9F3Py4/ukO4YmQ5V5LXkqXNc=
github.com/uan190176/fstorage v0.0.0-20230224014045-19b3b6ed1834 h1:oC94Ijeo/XN68rU7rv23X6Rwyi9xVwWV/xbb9d5jVtA=
github.com/uan190176/fstorage v0.0.0-20230224014045-19b3b6ed1834/go.mod h1:Ha4vSAp2vRiNRC/lRW+9F3Py4/ukO4YmQ5V5LXkqXNc=
github.com/uan190176/fstorage v0.0.0-20230224102149-fe67f712c1ca h1:xjk3rDoev2w9qENkxragqToAGYagyKDMrlPwon6KAXU=
github.com/uan190176/fstorage v0.0.0-20230224102149-fe67f712c1ca/go.mod h1:Ha4vSAp2vRiNRC/lRW+9F3Py4/ukO4YmQ5V5LXkqXNc=
github.com/uan190176/fstorage v0.0.0-20230224102321-a54a510e1c08 h1:kOF9xdlkUCkAU6mAeQHgICEQq7P/YZAf84t8WHobF34=
github.com/uan190176/fstorage v0.0.0-20230224102321-a54a510e1c08/go.mod h1:Ha4vSAp2vRiNRC/lRW+9F3Py4/ukO4YmQ5V5LXkqXNc=
github.com/uan190176/fstorage v0.0.0-20230224105634-9be528ae56b6 h1:7zyC5l+1SF8njthGUT2RuMDCeKEi43svdp1c0D+gTWs=
github.com/uan190176/fstorage v0.0.0-20230224105634-9be528ae56b6/go.mod h1:Ha4vSAp2vRiNRC/lRW+9F3Py4/ukO4YmQ5V5LXkqXNc=
github.com/uan190176/statuses v1.0.0-rc4 h1:gahKttlL6qehPVDJ+RwqKUHvyYkRDS5xQK6jaMRgiKk=
github.com/uan190176/statuses v1.0.0-rc4/go.mod h1:hSh9ZhnVwsIBmzgeNudSwz3P1nt5PZDhxA7doZ+oty0=
github.com/uan190176/storage v0.0.0-20230221050801-0e99e3f718d9 h1:kKvsvZOLvKG0LdVYk++KhsFEVCFg/BalER9b1qLScZw=
github.com/uan190176/storage v0.0.0-20230221050801-0e99e3f718d9/go.mod h1:ihGMU9gnzBc1aIWMAx87vZ5z30lSpeKyUfSL9kM6yYI=
github.com/uan190176/storage v0.0.0-20230221055257-8ae4ee682f90 h1:k+8mx1nW87uQFdZoeP5rXtvwSuOu4HU/agz+eTkyglI=
github.com/uan190176/storage v0.0.0-20230221055257-8ae4ee682f90/go.mod h1:ihGMU9gnzBc1aIWMAx87vZ5z30lSpeKyUfSL9kM6yYI=
github.com/uan190176/storage v0.0.0-20230221061324-a72deb7f06a2 h1:up87e91VKLpKkwXkRaj6qkF2QkFv93uL12jmA0hK2Qs=
github.com/uan190176/storage v0.0.0-20230221061324-a72deb7f06a2/go.mod h1:ihGMU9gnzBc1aIWMAx87vZ5z30lSpeKyUfSL9kM6yYI=
github.com/uan190176/storage v0.0.0-20230221081845-0a529aee377b h1:OjsfuAnBjMI+NHwqocPxc7V7KEjb8eTc4BVW2HHS5xA=
github.com/uan190176/storage v0.0.0-20230221081845-0a529aee377b/go.mod h1:ihGMU9gnzBc1aIWMAx87vZ5z30lSpeKyUfSL9kM6yYI=
github.com/uan190176/storage v0.0.0-20230221082443-b98433faf888 h1:IuMSX3n5PcasnHPvZbOLS1uu2fLlSM5hMZwIzqov69w=
github.com/uan190176/storage v0.0.0-20230221082443-b98433faf888/go.mod h1:ihGMU9gnzBc1aIWMAx87vZ5z30lSpeKyUfSL9kM6yYI=
github.com/uan190176/storage v0.0.0-20230221091700-003daad81c78 h1:g7SrwTsSs9aULqSf5TTQq8NwziuZhpWBuHgydJ/LgSE=
github.com/uan190176/storage v0.0.0-20230221091700-003daad81c78/go.mod h1:ihGMU9gnzBc1aIWMAx87vZ5z30lSpeKyUfSL9kM6yYI=
github.com/uan190176/storage v0.0.0-20230221092134-5db69f1fdcc3 h1:SISMUsr4bwznJSKlXO8UgBZ2KTHjdtK20m8T7LJw9Vw=
github.com/uan190176/storage v0.0.0-20230221092134-5db69f1fdcc3/go.mod h1:ihGMU9gnzBc1aIWMAx87vZ5z30lSpeKyUfSL9kM6yYI=
github.com/uan190176/storage v0.0.0-20230221141715-3a97c66c2420 h1:kd0FUj7GjycLEiljYsFg8kFfdhk11AYfVhb2HJko9wQ=
github.com/uan190176/storage v0.0.0-20230221141715-3a97c66c2420/go.mod h1:LI0n2/HweRJj6iokdqg0QUy+nqSS7nI4VjotFqepx+k=
github.com/uan190176/storage v0.0.0-20230221142033-46c2cc33d293 h1:+dvdPBS5h3GFGizWCKwVUWgvaJJffsf4dmkWE9B4OK4=
github.com/uan190176/storage v0.0.0-20230221142033-46c2cc33d293/go.mod h1:LI0n2/HweRJj6iokdqg0QUy+nqSS7nI4VjotFqepx+k=
github.com/uan190176/storage v0.0.0-20230221142747-41bb70bf8506 h1:Bp381tu1+9eKUb2OpjtVHFyVNJX1nEgAS1qIzsINt5U=
github.com/uan190176/storage v0.0.0-20230221142747-41bb70bf8506/go.mod h1:LI0n2/HweRJj6iokdqg0QUy+nqSS7nI4VjotFqepx+k=
github.com/uan190176/storage v0.0.0-20230221144007-a3057a5c3c44 h1:Z09fD+GJsQ28PUTF9Zs06PdnBUXoniWSrFtRKefcj2o=
github.com/uan190176/storage v0.0.0-20230221144007-a3057a5c3c44/go.mod h1:LI0n2/HweRJj6iokdqg0QUy+nqSS7nI4VjotFqepx+k=
github.com/uan190176/storage v0.0.0-20230222012947-4f1585610f54 h1:eH+JFYYaKH9X4G83bXe/IG3WGm/Ai7Zw8v6DD7FQ1YY=
github.com/uan190176/storage v0.0.0-20230222012947-4f1585610f54/go.mod h1:LI0n2/HweRJj6iokdqg0QUy+nqSS7nI4VjotFqepx+k=
github.com/uan190176/storage v0.0.0-20230222021558-d4f4f0c0e23f h1:ZArgMTpSry1u1w4qEkH3tOcy38pYVwyF3axvsCWaE20=
github.com/uan190176/storage v0.0.0-20230222021558-d4f4f0c0e23f/go.mod h1:LI0n2/HweRJj6iokdqg0QUy+nqSS7nI4VjotFqepx+k=
golang.org/x/crypto v0.6.0 h1:qfktjS5LUO+fFKeJXZ+ikTRijMmljikvG68fpMMruSc=
golang.org/x/crypto v0.6.0/go.mod h1:OFC/31mSvZgRz0V1QTNCzfAI1aIRzbiufJtkMIlEp58=
golang.org/x/net v0.6.0 h1:L4ZwwTvKW9gr0ZMS1yrHD9GZhIuVjOBBnaKH+SPQK0Q=
golang.org/x/net v0.6.0/go.mod h1:2Tu9+aMcznHK/AK1HMvgo6xiTLG5rD5rZLDS+rp2Bjs=
golang.org/x/sync v0.1.0 h1:wsuoTGHzEhffawBOhz5CYhcrV4IdKZbEyZjBMuTp12o=
golang.org/x/sync v0.1.0/go.mod h1:RxMgew5VJxzue5/jJTE5uejpjVlOe/izrB70Jof72aM=
golang.org/x/sys v0.0.0-20220715151400-c0bba94af5f8/go.mod h1:oPkhp1MJrh7nUepCBck5+mAzfO9JrbApNNgaTdGDITg=
golang.org/x/sys v0.5.0 h1:MUK/U/4lj1t1oPg0HfuXDN/Z1wv31ZJ/YcPiGccS4DU=
golang.org/x/sys v0.5.0/go.mod h1:oPkhp1MJrh7nUepCBck5+mAzfO9JrbApNNgaTdGDITg=
golang.org/x/text v0.7.0 h1:4BRB4x83lYWy72KwLD/qYDuTu7q9PjSagHvijDw7cLo=
golang.org/x/text v0.7.0/go.mod h1:mrYo+phRRbMaCq/xk9113O4dZlRixOauAjOtrjsXDZ8=
golang.org/x/xerrors v0.0.0-20191204190536-9bdfabe68543/go.mod h1:I/5z698sn9Ka8TeJc9MKroUUfqBBauWjQqLJ2OPfmY0=
google.golang.org/genproto v0.0.0-20230209215440-0dfe4f8abfcc h1:ijGwO+0vL2hJt5gaygqP2j6PfflOBrRot0IczKbmtio=
google.golang.org/genproto v0.0.0-20230209215440-0dfe4f8abfcc/go.mod h1:RGgjbofJ8xD9Sq1VVhDM1Vok1vRONV+rg+CjzG4SZKM=
google.golang.org/grpc v1.53.0 h1:LAv2ds7cmFV/XTS3XG1NneeENYrXGmorPxsBbptIjNc=
google.golang.org/grpc v1.53.0/go.mod h1:OnIrk0ipVdj4N5d9IUoFUx72/VlD7+jUsHwZgwSMQpw=
google.golang.org/protobuf v1.26.0-rc.1/go.mod h1:jlhhOSvTdKEhbULTjvd4ARK9grFBp09yW+WbY/TyQbw=
google.golang.org/protobuf v1.26.0/go.mod h1:9q0QmTI4eRPtz6boOQmLYwt+qCgq0jsYwAQnmE0givc=
google.golang.org/protobuf v1.28.1 h1:d0NfwRgPtno5B1Wa6L2DAG+KivqkdutMf1UhdNx175w=
google.golang.org/protobuf v1.28.1/go.mod h1:HV8QOd/L58Z+nl8r43ehVNZIU/HEI6OcFqwMG9pJV4I=
gopkg.in/check.v1 v0.0.0-20161208181325-20d25e280405/go.mod h1:Co6ibVJAznAaIkqp8huTwlJQCZ016jof/cbN4VW5Yz0=
gopkg.in/yaml.v3 v3.0.0-20200313102051-9f266ea9e77c/go.mod h1:K4uyk7z7BCEPqu6E+C64Yfv1cQ7kz7rIZviUmN+EgEM=
gopkg.in/yaml.v3 v3.0.1 h1:fxVm/GzAzEWqLHuvctI91KS9hhNmmWOoWu0XTYJS7CA=
